#!r6rs ; -*- mode: scheme; coding: utf-8 -*-
;; This file is automatically generated - do not change it by hand.
(import (akku format lockfile))
(projects
  ((name "akku-r7rs")
   (location
     (git "https://gitlab.com/akkuscm/akku-r7rs.git"))
   (tag "v1.0.0-beta.4")
   (revision
     "ca21d9724e46b6b0ff03089f2a7bfc6f981fe959"))
  ((name "laesare")
   (location
     (git "https://github.com/weinholt/laesare.git"))
   (tag "v1.0.0")
   (revision
     "27791ac19f715d2894586623ab87e9a7bd39b46c"))
  ((name "wak-common")
   (location
     (git "https://gitlab.com/weinholt/wak-common.git"))
   (revision
     "6d495fcaf7250f414614b1979d1ac07904496970"))
  ((name (chibi sqlite3))
   (location
     (url "http://snow-fort.org/s/gmail.com/alexshinn/chibi/sqlite3/0.7/chibi-sqlite3-0.7.tgz"))
   (content
     (sha256
       "bd0aeb54c2e88567707c675e481a475d6a7431f5e1959b7e99ec07d361bda92f")))
  ((name "wak-htmlprag")
   (location
     (git "https://gitlab.com/weinholt/wak-htmlprag.git"))
   (revision
     "9a12716f904d1450b3ce71bd913cb399b6f1615f"))
  ((name "chez-srfi")
   (location
     (git "https://github.com/arcfide/chez-srfi"))
   (revision
     "5ff9fae299a4933188ce7cd1a225a3c26036ef0d")))
